
Microsoft Visual Studio Solution File, Format Version 12.00
# Visual Studio 15
VisualStudioVersion = 15.0.28010.2016
MinimumVisualStudioVersion = 10.0.40219.1
Project("{FAE04EC0-301F-11D3-BF4B-00C04F79EFBC}") = "TaskLotusflare", "TaskLotusflare\TaskLotusflare.csproj", "{D678B376-42E1-421C-A78B-A3344CCC5D68}"
EndProject
Project("{2150E333-8FDC-42A3-9474-1A3956D46DE8}") = "Solution Items", "Solution Items", "{7B978068-5FE5-4B43-8279-9FDB92F67558}"
EndProject
Global
	GlobalSection(SolutionConfigurationPlatforms) = preSolution
		Debug|Any CPU = Debug|Any CPU
		Release|Any CPU = Release|Any CPU
	EndGlobalSection
	GlobalSection(ProjectConfigurationPlatforms) = postSolution
		{D678B376-42E1-421C-A78B-A3344CCC5D68}.Debug|Any CPU.ActiveCfg = Debug|Any CPU
		{D678B376-42E1-421C-A78B-A3344CCC5D68}.Debug|Any CPU.Build.0 = Debug|Any CPU
		{D678B376-42E1-421C-A78B-A3344CCC5D68}.Release|Any CPU.ActiveCfg = Release|Any CPU
		{D678B376-42E1-421C-A78B-A3344CCC5D68}.Release|Any CPU.Build.0 = Release|Any CPU
	EndGlobalSection
	GlobalSection(SolutionProperties) = preSolution
		HideSolutionNode = FALSE
	EndGlobalSection
	GlobalSection(ExtensibilityGlobals) = postSolution
		SolutionGuid = {B77C12D1-B3A3-44C6-877B-319485FEED50}
	EndGlobalSection
EndGlobal
